
Microsoft Visual Studio Solution File, Format Version 12.00
# Visual Studio Version 17
VisualStudioVersion = 17.8.34112.27
MinimumVisualStudioVersion = 10.0.40219.1
Project("{FAE04EC0-301F-11D3-BF4B-00C04F79EFBC}") = "headpat-app", "headpat-app\headpat-app.csproj", "{090AA5D3-0B57-4BD4-A3BB-E4F466F8257D}"
EndProject
Global
	GlobalSection(SolutionConfigurationPlatforms) = preSolution
		Debug|Any CPU = Debug|Any CPU
		Release|Any CPU = Release|Any CPU
	EndGlobalSection
	GlobalSection(ProjectConfigurationPlatforms) = postSolution
		{090AA5D3-0B57-4BD4-A3BB-E4F466F8257D}.Debug|Any CPU.ActiveCfg = Debug|Any CPU
		{090AA5D3-0B57-4BD4-A3BB-E4F466F8257D}.Debug|Any CPU.Build.0 = Debug|Any CPU
		{090AA5D3-0B57-4BD4-A3BB-E4F466F8257D}.Debug|Any CPU.Deploy.0 = Debug|Any CPU
		{090AA5D3-0B57-4BD4-A3BB-E4F466F8257D}.Release|Any CPU.ActiveCfg = Release|Any CPU
		{090AA5D3-0B57-4BD4-A3BB-E4F466F8257D}.Release|Any CPU.Build.0 = Release|Any CPU
		{090AA5D3-0B57-4BD4-A3BB-E4F466F8257D}.Release|Any CPU.Deploy.0 = Release|Any CPU
	EndGlobalSection
	GlobalSection(SolutionProperties) = preSolution
		HideSolutionNode = FALSE
	EndGlobalSection
	GlobalSection(ExtensibilityGlobals) = postSolution
		SolutionGuid = {9779C2DF-C215-42E1-A7B3-A8309E471475}
	EndGlobalSection
EndGlobal
